// !$*UTF8*$!
{
	archiveVersion = 1;
	classes = {
	};
	objectVersion = 46;
	objects = {

/* Begin PBXBuildFile section */
		656EBE161923C52D002D29CD /* Model.xcdatamodeld in Sources */ = {isa = PBXBuildFile; fileRef = 656EBE141923C52D002D29CD /* Model.xcdatamodeld */; };
		656EBE311927E153002D29CD /* CoreDataTableViewController.m in Sources */ = {isa = PBXBuildFile; fileRef = 656EBE301927E153002D29CD /* CoreDataTableViewController.m */; };
		656EBE391927E203002D29CD /* FlickrDatabase.m in Sources */ = {isa = PBXBuildFile; fileRef = 656EBE341927E203002D29CD /* FlickrDatabase.m */; };
		656EBE411927E279002D29CD /* Photo+Flickr.m in Sources */ = {isa = PBXBuildFile; fileRef = 656EBE401927E279002D29CD /* Photo+Flickr.m */; };
		656EBE491927E636002D29CD /* PhotoViewController.m in Sources */ = {isa = PBXBuildFile; fileRef = 656EBE481927E636002D29CD /* PhotoViewController.m */; };
		656EBE521927E8E7002D29CD /* PhotoListTVC.m in Sources */ = {isa = PBXBuildFile; fileRef = 656EBE511927E8E7002D29CD /* PhotoListTVC.m */; };
		656EBE571927E8F2002D29CD /* PlaceTVC.m in Sources */ = {isa = PBXBuildFile; fileRef = 656EBE541927E8F2002D29CD /* PlaceTVC.m */; };
		656EBE581927E8F2002D29CD /* RecentsTVC.m in Sources */ = {isa = PBXBuildFile; fileRef = 656EBE561927E8F2002D29CD /* RecentsTVC.m */; };
		656EBE5B1927E8FE002D29CD /* TopRegionsCDTVC.m in Sources */ = {isa = PBXBuildFile; fileRef = 656EBE5A1927E8FE002D29CD /* TopRegionsCDTVC.m */; };
		656EBE621927EA02002D29CD /* Region.m in Sources */ = {isa = PBXBuildFile; fileRef = 656EBE611927EA02002D29CD /* Region.m */; };
		656EBE651927EA03002D29CD /* Photo.m in Sources */ = {isa = PBXBuildFile; fileRef = 656EBE641927EA03002D29CD /* Photo.m */; };
		656EBE681927EA53002D29CD /* Region+Create.m in Sources */ = {isa = PBXBuildFile; fileRef = 656EBE671927EA53002D29CD /* Region+Create.m */; };
		656EBE6B19280FDE002D29CD /* DefaultTopRegionsCDTVC.m in Sources */ = {isa = PBXBuildFile; fileRef = 656EBE6A19280FDE002D29CD /* DefaultTopRegionsCDTVC.m */; };
		6582C565191D752A00CD6180 /* Foundation.framework in Frameworks */ = {isa = PBXBuildFile; fileRef = 6582C564191D752A00CD6180 /* Foundation.framework */; };
		6582C567191D752A00CD6180 /* CoreGraphics.framework in Frameworks */ = {isa = PBXBuildFile; fileRef = 6582C566191D752A00CD6180 /* CoreGraphics.framework */; };
		6582C569191D752A00CD6180 /* UIKit.framework in Frameworks */ = {isa = PBXBuildFile; fileRef = 6582C568191D752A00CD6180 /* UIKit.framework */; };
		6582C56F191D752A00CD6180 /* InfoPlist.strings in Resources */ = {isa = PBXBuildFile; fileRef = 6582C56D191D752A00CD6180 /* InfoPlist.strings */; };
		6582C571191D752A00CD6180 /* main.m in Sources */ = {isa = PBXBuildFile; fileRef = 6582C570191D752A00CD6180 /* main.m */; };
		6582C575191D752A00CD6180 /* TopRegionsAppDelegate.m in Sources */ = {isa = PBXBuildFile; fileRef = 6582C574191D752A00CD6180 /* TopRegionsAppDelegate.m */; };
		6582C578191D752A00CD6180 /* Main_iPhone.storyboard in Resources */ = {isa = PBXBuildFile; fileRef = 6582C576191D752A00CD6180 /* Main_iPhone.storyboard */; };
		6582C57B191D752A00CD6180 /* Main_iPad.storyboard in Resources */ = {isa = PBXBuildFile; fileRef = 6582C579191D752A00CD6180 /* Main_iPad.storyboard */; };
		6582C580191D752A00CD6180 /* Images.xcassets in Resources */ = {isa = PBXBuildFile; fileRef = 6582C57F191D752A00CD6180 /* Images.xcassets */; };
		6582C587191D752A00CD6180 /* XCTest.framework in Frameworks */ = {isa = PBXBuildFile; fileRef = 6582C586191D752A00CD6180 /* XCTest.framework */; };
		6582C588191D752A00CD6180 /* Foundation.framework in Frameworks */ = {isa = PBXBuildFile; fileRef = 6582C564191D752A00CD6180 /* Foundation.framework */; };
		6582C589191D752A00CD6180 /* UIKit.framework in Frameworks */ = {isa = PBXBuildFile; fileRef = 6582C568191D752A00CD6180 /* UIKit.framework */; };
		6582C591191D752A00CD6180 /* InfoPlist.strings in Resources */ = {isa = PBXBuildFile; fileRef = 6582C58F191D752A00CD6180 /* InfoPlist.strings */; };
		6582C593191D752A00CD6180 /* Top_RegionsTests.m in Sources */ = {isa = PBXBuildFile; fileRef = 6582C592191D752A00CD6180 /* Top_RegionsTests.m */; };
		6582C5B6191DED9F00CD6180 /* FlickrFetcher.m in Sources */ = {isa = PBXBuildFile; fileRef = 6582C5B5191DED9F00CD6180 /* FlickrFetcher.m */; };
/* End PBXBuildFile section */

/* Begin PBXContainerItemProxy section */
		6582C58A191D752A00CD6180 /* PBXContainerItemProxy */ = {
			isa = PBXContainerItemProxy;
			containerPortal = 6582C559191D752A00CD6180 /* Project object */;
			proxyType = 1;
			remoteGlobalIDString = 6582C560191D752A00CD6180;
			remoteInfo = "Top Places";
		};
/* End PBXContainerItemProxy section */

/* Begin PBXFileReference section */
		656EBE151923C52D002D29CD /* Model.xcdatamodel */ = {isa = PBXFileReference; lastKnownFileType = wrapper.xcdatamodel; path = Model.xcdatamodel; sourceTree = "<group>"; };
		656EBE2F1927E153002D29CD /* CoreDataTableViewController.h */ = {isa = PBXFileReference; fileEncoding = 4; lastKnownFileType = sourcecode.c.h; name = CoreDataTableViewController.h; path = ../../Photomania/Photomania/CDTVC/CoreDataTableViewController.h; sourceTree = "<group>"; };
		656EBE301927E153002D29CD /* CoreDataTableViewController.m */ = {isa = PBXFileReference; fileEncoding = 4; lastKnownFileType = sourcecode.c.objc; name = CoreDataTableViewController.m; path = ../../Photomania/Photomania/CDTVC/CoreDataTableViewController.m; sourceTree = "<group>"; };
		656EBE331927E203002D29CD /* FlickrDatabase.h */ = {isa = PBXFileReference; fileEncoding = 4; lastKnownFileType = sourcecode.c.h; name = FlickrDatabase.h; path = ../../Photomania/Photomania/FlickrDatabase.h; sourceTree = "<group>"; };
		656EBE341927E203002D29CD /* FlickrDatabase.m */ = {isa = PBXFileReference; fileEncoding = 4; lastKnownFileType = sourcecode.c.objc; name = FlickrDatabase.m; path = ../../Photomania/Photomania/FlickrDatabase.m; sourceTree = "<group>"; };
		656EBE3F1927E279002D29CD /* Photo+Flickr.h */ = {isa = PBXFileReference; fileEncoding = 4; lastKnownFileType = sourcecode.c.h; path = "Photo+Flickr.h"; sourceTree = "<group>"; };
		656EBE401927E279002D29CD /* Photo+Flickr.m */ = {isa = PBXFileReference; fileEncoding = 4; lastKnownFileType = sourcecode.c.objc; path = "Photo+Flickr.m"; sourceTree = "<group>"; };
		656EBE471927E636002D29CD /* PhotoViewController.h */ = {isa = PBXFileReference; fileEncoding = 4; lastKnownFileType = sourcecode.c.h; name = PhotoViewController.h; path = "../../../../../../dev/Top Places/Top Places/PhotoViewController.h"; sourceTree = "<group>"; };
		656EBE481927E636002D29CD /* PhotoViewController.m */ = {isa = PBXFileReference; fileEncoding = 4; lastKnownFileType = sourcecode.c.objc; name = PhotoViewController.m; path = "../../../../../../dev/Top Places/Top Places/PhotoViewController.m"; sourceTree = "<group>"; };
		656EBE501927E8E7002D29CD /* PhotoListTVC.h */ = {isa = PBXFileReference; fileEncoding = 4; lastKnownFileType = sourcecode.c.h; name = PhotoListTVC.h; path = "../../../../../../dev/Top Places/Top Places/PhotoListTVC.h"; sourceTree = "<group>"; };
		656EBE511927E8E7002D29CD /* PhotoListTVC.m */ = {isa = PBXFileReference; fileEncoding = 4; lastKnownFileType = sourcecode.c.objc; name = PhotoListTVC.m; path = "../../../../../../dev/Top Places/Top Places/PhotoListTVC.m"; sourceTree = "<group>"; };
		656EBE531927E8F2002D29CD /* PlaceTVC.h */ = {isa = PBXFileReference; fileEncoding = 4; lastKnownFileType = sourcecode.c.h; name = PlaceTVC.h; path = "../../../../../../dev/Top Places/Top Places/PlaceTVC.h"; sourceTree = "<group>"; };
		656EBE541927E8F2002D29CD /* PlaceTVC.m */ = {isa = PBXFileReference; fileEncoding = 4; lastKnownFileType = sourcecode.c.objc; name = PlaceTVC.m; path = "../../../../../../dev/Top Places/Top Places/PlaceTVC.m"; sourceTree = "<group>"; };
		656EBE551927E8F2002D29CD /* RecentsTVC.h */ = {isa = PBXFileReference; fileEncoding = 4; lastKnownFileType = sourcecode.c.h; name = RecentsTVC.h; path = "../../../../../../dev/Top Places/Top Places/RecentsTVC.h"; sourceTree = "<group>"; };
		656EBE561927E8F2002D29CD /* RecentsTVC.m */ = {isa = PBXFileReference; fileEncoding = 4; lastKnownFileType = sourcecode.c.objc; name = RecentsTVC.m; path = "../../../../../../dev/Top Places/Top Places/RecentsTVC.m"; sourceTree = "<group>"; };
		656EBE591927E8FE002D29CD /* TopRegionsCDTVC.h */ = {isa = PBXFileReference; fileEncoding = 4; lastKnownFileType = sourcecode.c.h; name = TopRegionsCDTVC.h; path = "../../../../../../dev/Top Places/Top Places/TopRegionsCDTVC.h"; sourceTree = "<group>"; };
		656EBE5A1927E8FE002D29CD /* TopRegionsCDTVC.m */ = {isa = PBXFileReference; fileEncoding = 4; lastKnownFileType = sourcecode.c.objc; name = TopRegionsCDTVC.m; path = "../../../../../../dev/Top Places/Top Places/TopRegionsCDTVC.m"; sourceTree = "<group>"; };
		656EBE601927EA02002D29CD /* Region.h */ = {isa = PBXFileReference; fileEncoding = 4; lastKnownFileType = sourcecode.c.h; path = Region.h; sourceTree = "<group>"; };
		656EBE611927EA02002D29CD /* Region.m */ = {isa = PBXFileReference; fileEncoding = 4; lastKnownFileType = sourcecode.c.objc; path = Region.m; sourceTree = "<group>"; };
		656EBE631927EA03002D29CD /* Photo.h */ = {isa = PBXFileReference; fileEncoding = 4; lastKnownFileType = sourcecode.c.h; path = Photo.h; sourceTree = "<group>"; };
		656EBE641927EA03002D29CD /* Photo.m */ = {isa = PBXFileReference; fileEncoding = 4; lastKnownFileType = sourcecode.c.objc; path = Photo.m; sourceTree = "<group>"; };
		656EBE661927EA53002D29CD /* Region+Create.h */ = {isa = PBXFileReference; fileEncoding = 4; lastKnownFileType = sourcecode.c.h; path = "Region+Create.h"; sourceTree = "<group>"; };
		656EBE671927EA53002D29CD /* Region+Create.m */ = {isa = PBXFileReference; fileEncoding = 4; lastKnownFileType = sourcecode.c.objc; path = "Region+Create.m"; sourceTree = "<group>"; };
		656EBE6919280FDE002D29CD /* DefaultTopRegionsCDTVC.h */ = {isa = PBXFileReference; fileEncoding = 4; lastKnownFileType = sourcecode.c.h; path = DefaultTopRegionsCDTVC.h; sourceTree = "<group>"; };
		656EBE6A19280FDE002D29CD /* DefaultTopRegionsCDTVC.m */ = {isa = PBXFileReference; fileEncoding = 4; lastKnownFileType = sourcecode.c.objc; path = DefaultTopRegionsCDTVC.m; sourceTree = "<group>"; };
		6582C561191D752A00CD6180 /* Top Regions.app */ = {isa = PBXFileReference; explicitFileType = wrapper.application; includeInIndex = 0; path = "Top Regions.app"; sourceTree = BUILT_PRODUCTS_DIR; };
		6582C564191D752A00CD6180 /* Foundation.framework */ = {isa = PBXFileReference; lastKnownFileType = wrapper.framework; name = Foundation.framework; path = System/Library/Frameworks/Foundation.framework; sourceTree = SDKROOT; };
		6582C566191D752A00CD6180 /* CoreGraphics.framework */ = {isa = PBXFileReference; lastKnownFileType = wrapper.framework; name = CoreGraphics.framework; path = System/Library/Frameworks/CoreGraphics.framework; sourceTree = SDKROOT; };
		6582C568191D752A00CD6180 /* UIKit.framework */ = {isa = PBXFileReference; lastKnownFileType = wrapper.framework; name = UIKit.framework; path = System/Library/Frameworks/UIKit.framework; sourceTree = SDKROOT; };
		6582C56C191D752A00CD6180 /* Top Regions-Info.plist */ = {isa = PBXFileReference; lastKnownFileType = text.plist.xml; path = "Top Regions-Info.plist"; sourceTree = "<group>"; };
		6582C56E191D752A00CD6180 /* en */ = {isa = PBXFileReference; lastKnownFileType = text.plist.strings; name = en; path = en.lproj/InfoPlist.strings; sourceTree = "<group>"; };
		6582C570191D752A00CD6180 /* main.m */ = {isa = PBXFileReference; lastKnownFileType = sourcecode.c.objc; path = main.m; sourceTree = "<group>"; };
		6582C572191D752A00CD6180 /* Top Regions-Prefix.pch */ = {isa = PBXFileReference; lastKnownFileType = sourcecode.c.h; path = "Top Regions-Prefix.pch"; sourceTree = "<group>"; };
		6582C573191D752A00CD6180 /* TopRegionsAppDelegate.h */ = {isa = PBXFileReference; lastKnownFileType = sourcecode.c.h; path = TopRegionsAppDelegate.h; sourceTree = "<group>"; };
		6582C574191D752A00CD6180 /* TopRegionsAppDelegate.m */ = {isa = PBXFileReference; lastKnownFileType = sourcecode.c.objc; path = TopRegionsAppDelegate.m; sourceTree = "<group>"; };
		6582C577191D752A00CD6180 /* Base */ = {isa = PBXFileReference; lastKnownFileType = file.storyboard; name = Base; path = Base.lproj/Main_iPhone.storyboard; sourceTree = "<group>"; };
		6582C57A191D752A00CD6180 /* Base */ = {isa = PBXFileReference; lastKnownFileType = file.storyboard; name = Base; path = Base.lproj/Main_iPad.storyboard; sourceTree = "<group>"; };
		6582C57F191D752A00CD6180 /* Images.xcassets */ = {isa = PBXFileReference; lastKnownFileType = folder.assetcatalog; path = Images.xcassets; sourceTree = "<group>"; };
		6582C585191D752A00CD6180 /* Top RegionsTests.xctest */ = {isa = PBXFileReference; explicitFileType = wrapper.cfbundle; includeInIndex = 0; path = "Top RegionsTests.xctest"; sourceTree = BUILT_PRODUCTS_DIR; };
		6582C586191D752A00CD6180 /* XCTest.framework */ = {isa = PBXFileReference; lastKnownFileType = wrapper.framework; name = XCTest.framework; path = Library/Frameworks/XCTest.framework; sourceTree = DEVELOPER_DIR; };
		6582C58E191D752A00CD6180 /* Top RegionsTests-Info.plist */ = {isa = PBXFileReference; lastKnownFileType = text.plist.xml; path = "Top RegionsTests-Info.plist"; sourceTree = "<group>"; };
		6582C590191D752A00CD6180 /* en */ = {isa = PBXFileReference; lastKnownFileType = text.plist.strings; name = en; path = en.lproj/InfoPlist.strings; sourceTree = "<group>"; };
		6582C592191D752A00CD6180 /* Top_RegionsTests.m */ = {isa = PBXFileReference; lastKnownFileType = sourcecode.c.objc; path = Top_RegionsTests.m; sourceTree = "<group>"; };
		6582C59F191D764600CD6180 /* FlickrAPIKey.h */ = {isa = PBXFileReference; fileEncoding = 4; lastKnownFileType = sourcecode.c.h; path = FlickrAPIKey.h; sourceTree = "<group>"; };
		6582C5A0191D764600CD6180 /* FlickrFetcher.h */ = {isa = PBXFileReference; fileEncoding = 4; lastKnownFileType = sourcecode.c.h; path = FlickrFetcher.h; sourceTree = "<group>"; };
		6582C5B5191DED9F00CD6180 /* FlickrFetcher.m */ = {isa = PBXFileReference; fileEncoding = 4; lastKnownFileType = sourcecode.c.objc; path = FlickrFetcher.m; sourceTree = "<group>"; };
/* End PBXFileReference section */

/* Begin PBXFrameworksBuildPhase section */
		6582C55E191D752A00CD6180 /* Frameworks */ = {
			isa = PBXFrameworksBuildPhase;
			buildActionMask = 2147483647;
			files = (
				6582C567191D752A00CD6180 /* CoreGraphics.framework in Frameworks */,
				6582C569191D752A00CD6180 /* UIKit.framework in Frameworks */,
				6582C565191D752A00CD6180 /* Foundation.framework in Frameworks */,
			);
			runOnlyForDeploymentPostprocessing = 0;
		};
		6582C582191D752A00CD6180 /* Frameworks */ = {
			isa = PBXFrameworksBuildPhase;
			buildActionMask = 2147483647;
			files = (
				6582C587191D752A00CD6180 /* XCTest.framework in Frameworks */,
				6582C589191D752A00CD6180 /* UIKit.framework in Frameworks */,
				6582C588191D752A00CD6180 /* Foundation.framework in Frameworks */,
			);
			runOnlyForDeploymentPostprocessing = 0;
		};
/* End PBXFrameworksBuildPhase section */

/* Begin PBXGroup section */
		656EBE101923C492002D29CD /* Flickr Fetcher */ = {
			isa = PBXGroup;
			children = (
				6582C59F191D764600CD6180 /* FlickrAPIKey.h */,
				6582C5A0191D764600CD6180 /* FlickrFetcher.h */,
				6582C5B5191DED9F00CD6180 /* FlickrFetcher.m */,
			);
			name = "Flickr Fetcher";
			sourceTree = "<group>";
		};
		656EBE321927E15A002D29CD /* CDTVC */ = {
			isa = PBXGroup;
			children = (
				656EBE2F1927E153002D29CD /* CoreDataTableViewController.h */,
				656EBE301927E153002D29CD /* CoreDataTableViewController.m */,
			);
			name = CDTVC;
			sourceTree = "<group>";
		};
		656EBE461927E600002D29CD /* Controller */ = {
			isa = PBXGroup;
			children = (
				656EBE471927E636002D29CD /* PhotoViewController.h */,
				656EBE481927E636002D29CD /* PhotoViewController.m */,
				656EBE5F1927E9B9002D29CD /* Table View Controllers */,
			);
			name = Controller;
			sourceTree = "<group>";
		};
		656EBE5F1927E9B9002D29CD /* Table View Controllers */ = {
			isa = PBXGroup;
			children = (
				656EBE591927E8FE002D29CD /* TopRegionsCDTVC.h */,
				656EBE5A1927E8FE002D29CD /* TopRegionsCDTVC.m */,
				656EBE6919280FDE002D29CD /* DefaultTopRegionsCDTVC.h */,
				656EBE6A19280FDE002D29CD /* DefaultTopRegionsCDTVC.m */,
				656EBE501927E8E7002D29CD /* PhotoListTVC.h */,
				656EBE511927E8E7002D29CD /* PhotoListTVC.m */,
				656EBE531927E8F2002D29CD /* PlaceTVC.h */,
				656EBE541927E8F2002D29CD /* PlaceTVC.m */,
				656EBE551927E8F2002D29CD /* RecentsTVC.h */,
				656EBE561927E8F2002D29CD /* RecentsTVC.m */,
			);
			name = "Table View Controllers";
			sourceTree = "<group>";
		};
		6582C558191D752A00CD6180 = {
			isa = PBXGroup;
			children = (
				6582C56A191D752A00CD6180 /* Top Regions */,
				6582C58C191D752A00CD6180 /* Top RegionsTests */,
				6582C563191D752A00CD6180 /* Frameworks */,
				6582C562191D752A00CD6180 /* Products */,
			);
			sourceTree = "<group>";
		};
		6582C562191D752A00CD6180 /* Products */ = {
			isa = PBXGroup;
			children = (
				6582C561191D752A00CD6180 /* Top Regions.app */,
				6582C585191D752A00CD6180 /* Top RegionsTests.xctest */,
			);
			name = Products;
			sourceTree = "<group>";
		};
		6582C563191D752A00CD6180 /* Frameworks */ = {
			isa = PBXGroup;
			children = (
				6582C564191D752A00CD6180 /* Foundation.framework */,
				6582C566191D752A00CD6180 /* CoreGraphics.framework */,
				6582C568191D752A00CD6180 /* UIKit.framework */,
				6582C586191D752A00CD6180 /* XCTest.framework */,
			);
			name = Frameworks;
			sourceTree = "<group>";
		};
		6582C56A191D752A00CD6180 /* Top Regions */ = {
			isa = PBXGroup;
			children = (
				656EBE331927E203002D29CD /* FlickrDatabase.h */,
				656EBE341927E203002D29CD /* FlickrDatabase.m */,
				656EBE461927E600002D29CD /* Controller */,
				6582C59D191D75F900CD6180 /* View */,
				6582C59E191D763800CD6180 /* Core Data */,
				6582C57F191D752A00CD6180 /* Images.xcassets */,
				6582C573191D752A00CD6180 /* TopRegionsAppDelegate.h */,
				6582C574191D752A00CD6180 /* TopRegionsAppDelegate.m */,
				656EBE101923C492002D29CD /* Flickr Fetcher */,
				6582C56B191D752A00CD6180 /* Supporting Files */,
			);
			name = "Top Regions";
			path = "Top Places";
			sourceTree = "<group>";
		};
		6582C56B191D752A00CD6180 /* Supporting Files */ = {
			isa = PBXGroup;
			children = (
				6582C56C191D752A00CD6180 /* Top Regions-Info.plist */,
				6582C56D191D752A00CD6180 /* InfoPlist.strings */,
				6582C570191D752A00CD6180 /* main.m */,
				6582C572191D752A00CD6180 /* Top Regions-Prefix.pch */,
			);
			name = "Supporting Files";
			sourceTree = "<group>";
		};
		6582C58C191D752A00CD6180 /* Top RegionsTests */ = {
			isa = PBXGroup;
			children = (
				6582C592191D752A00CD6180 /* Top_RegionsTests.m */,
				6582C58D191D752A00CD6180 /* Supporting Files */,
			);
			name = "Top RegionsTests";
			path = "Top PlacesTests";
			sourceTree = "<group>";
		};
		6582C58D191D752A00CD6180 /* Supporting Files */ = {
			isa = PBXGroup;
			children = (
				6582C58E191D752A00CD6180 /* Top RegionsTests-Info.plist */,
				6582C58F191D752A00CD6180 /* InfoPlist.strings */,
			);
			name = "Supporting Files";
			sourceTree = "<group>";
		};
		6582C59D191D75F900CD6180 /* View */ = {
			isa = PBXGroup;
			children = (
				6582C576191D752A00CD6180 /* Main_iPhone.storyboard */,
				6582C579191D752A00CD6180 /* Main_iPad.storyboard */,
			);
			name = View;
			sourceTree = "<group>";
		};
		6582C59E191D763800CD6180 /* Core Data */ = {
			isa = PBXGroup;
			children = (
				656EBE3F1927E279002D29CD /* Photo+Flickr.h */,
				656EBE401927E279002D29CD /* Photo+Flickr.m */,
				656EBE661927EA53002D29CD /* Region+Create.h */,
				656EBE671927EA53002D29CD /* Region+Create.m */,
				656EBE601927EA02002D29CD /* Region.h */,
				656EBE611927EA02002D29CD /* Region.m */,
				656EBE631927EA03002D29CD /* Photo.h */,
				656EBE641927EA03002D29CD /* Photo.m */,
				656EBE141923C52D002D29CD /* Model.xcdatamodeld */,
				656EBE321927E15A002D29CD /* CDTVC */,
			);
			name = "Core Data";
			sourceTree = "<group>";
		};
/* End PBXGroup section */

/* Begin PBXNativeTarget section */
		6582C560191D752A00CD6180 /* Top Regions */ = {
			isa = PBXNativeTarget;
			buildConfigurationList = 6582C596191D752A00CD6180 /* Build configuration list for PBXNativeTarget "Top Regions" */;
			buildPhases = (
				6582C55D191D752A00CD6180 /* Sources */,
				6582C55E191D752A00CD6180 /* Frameworks */,
				6582C55F191D752A00CD6180 /* Resources */,
			);
			buildRules = (
			);
			dependencies = (
			);
			name = "Top Regions";
			productName = "Top Places";
			productReference = 6582C561191D752A00CD6180 /* Top Regions.app */;
			productType = "com.apple.product-type.application";
		};
		6582C584191D752A00CD6180 /* Top RegionsTests */ = {
			isa = PBXNativeTarget;
			buildConfigurationList = 6582C599191D752A00CD6180 /* Build configuration list for PBXNativeTarget "Top RegionsTests" */;
			buildPhases = (
				6582C581191D752A00CD6180 /* Sources */,
				6582C582191D752A00CD6180 /* Frameworks */,
				6582C583191D752A00CD6180 /* Resources */,
			);
			buildRules = (
			);
			dependencies = (
				6582C58B191D752A00CD6180 /* PBXTargetDependency */,
			);
			name = "Top RegionsTests";
			productName = "Top PlacesTests";
			productReference = 6582C585191D752A00CD6180 /* Top RegionsTests.xctest */;
			productType = "com.apple.product-type.bundle.unit-test";
		};
/* End PBXNativeTarget section */

/* Begin PBXProject section */
		6582C559191D752A00CD6180 /* Project object */ = {
			isa = PBXProject;
			attributes = {
				CLASSPREFIX = "Top Places";
				LastUpgradeCheck = 0510;
				ORGANIZATIONNAME = "Amy Bearman";
				TargetAttributes = {
					6582C584191D752A00CD6180 = {
						TestTargetID = 6582C560191D752A00CD6180;
					};
				};
			};
			buildConfigurationList = 6582C55C191D752A00CD6180 /* Build configuration list for PBXProject "Top Regions" */;
			compatibilityVersion = "Xcode 3.2";
			developmentRegion = English;
			hasScannedForEncodings = 0;
			knownRegions = (
				en,
				Base,
			);
			mainGroup = 6582C558191D752A00CD6180;
			productRefGroup = 6582C562191D752A00CD6180 /* Products */;
			projectDirPath = "";
			projectRoot = "";
			targets = (
				6582C560191D752A00CD6180 /* Top Regions */,
				6582C584191D752A00CD6180 /* Top RegionsTests */,
			);
		};
/* End PBXProject section */

/* Begin PBXResourcesBuildPhase section */
		6582C55F191D752A00CD6180 /* Resources */ = {
			isa = PBXResourcesBuildPhase;
			buildActionMask = 2147483647;
			files = (
				6582C57B191D752A00CD6180 /* Main_iPad.storyboard in Resources */,
				6582C580191D752A00CD6180 /* Images.xcassets in Resources */,
				6582C578191D752A00CD6180 /* Main_iPhone.storyboard in Resources */,
				6582C56F191D752A00CD6180 /* InfoPlist.strings in Resources */,
			);
			runOnlyForDeploymentPostprocessing = 0;
		};
		6582C583191D752A00CD6180 /* Resources */ = {
			isa = PBXResourcesBuildPhase;
			buildActionMask = 2147483647;
			files = (
				6582C591191D752A00CD6180 /* InfoPlist.strings in Resources */,
			);
			runOnlyForDeploymentPostprocessing = 0;
		};
/* End PBXResourcesBuildPhase section */

/* Begin PBXSourcesBuildPhase section */
		6582C55D191D752A00CD6180 /* Sources */ = {
			isa = PBXSourcesBuildPhase;
			buildActionMask = 2147483647;
			files = (
				656EBE411927E279002D29CD /* Photo+Flickr.m in Sources */,
				656EBE311927E153002D29CD /* CoreDataTableViewController.m in Sources */,
				656EBE581927E8F2002D29CD /* RecentsTVC.m in Sources */,
				6582C575191D752A00CD6180 /* TopRegionsAppDelegate.m in Sources */,
				656EBE571927E8F2002D29CD /* PlaceTVC.m in Sources */,
				656EBE5B1927E8FE002D29CD /* TopRegionsCDTVC.m in Sources */,
				656EBE6B19280FDE002D29CD /* DefaultTopRegionsCDTVC.m in Sources */,
				656EBE491927E636002D29CD /* PhotoViewController.m in Sources */,
				6582C5B6191DED9F00CD6180 /* FlickrFetcher.m in Sources */,
				656EBE391927E203002D29CD /* FlickrDatabase.m in Sources */,
				656EBE621927EA02002D29CD /* Region.m in Sources */,
				656EBE651927EA03002D29CD /* Photo.m in Sources */,
				6582C571191D752A00CD6180 /* main.m in Sources */,
				656EBE681927EA53002D29CD /* Region+Create.m in Sources */,
				656EBE521927E8E7002D29CD /* PhotoListTVC.m in Sources */,
				656EBE161923C52D002D29CD /* Model.xcdatamodeld in Sources */,
			);
			runOnlyForDeploymentPostprocessing = 0;
		};
		6582C581191D752A00CD6180 /* Sources */ = {
			isa = PBXSourcesBuildPhase;
			buildActionMask = 2147483647;
			files = (
				6582C593191D752A00CD6180 /* Top_RegionsTests.m in Sources */,
			);
			runOnlyForDeploymentPostprocessing = 0;
		};
/* End PBXSourcesBuildPhase section */

/* Begin PBXTargetDependency section */
		6582C58B191D752A00CD6180 /* PBXTargetDependency */ = {
			isa = PBXTargetDependency;
			target = 6582C560191D752A00CD6180 /* Top Regions */;
			targetProxy = 6582C58A191D752A00CD6180 /* PBXContainerItemProxy */;
		};
/* End PBXTargetDependency section */

/* Begin PBXVariantGroup section */
		6582C56D191D752A00CD6180 /* InfoPlist.strings */ = {
			isa = PBXVariantGroup;
			children = (
				6582C56E191D752A00CD6180 /* en */,
			);
			name = InfoPlist.strings;
			sourceTree = "<group>";
		};
		6582C576191D752A00CD6180 /* Main_iPhone.storyboard */ = {
			isa = PBXVariantGroup;
			children = (
				6582C577191D752A00CD6180 /* Base */,
			);
			name = Main_iPhone.storyboard;
			sourceTree = "<group>";
		};
		6582C579191D752A00CD6180 /* Main_iPad.storyboard */ = {
			isa = PBXVariantGroup;
			children = (
				6582C57A191D752A00CD6180 /* Base */,
			);
			name = Main_iPad.storyboard;
			sourceTree = "<group>";
		};
		6582C58F191D752A00CD6180 /* InfoPlist.strings */ = {
			isa = PBXVariantGroup;
			children = (
				6582C590191D752A00CD6180 /* en */,
			);
			name = InfoPlist.strings;
			sourceTree = "<group>";
		};
/* End PBXVariantGroup section */

/* Begin XCBuildConfiguration section */
		6582C594191D752A00CD6180 /* Debug */ = {
			isa = XCBuildConfiguration;
			buildSettings = {
				ALWAYS_SEARCH_USER_PATHS = NO;
				CLANG_CXX_LANGUAGE_STANDARD = "gnu++0x";
				CLANG_CXX_LIBRARY = "libc++";
				CLANG_ENABLE_MODULES = YES;
				CLANG_ENABLE_OBJC_ARC = YES;
				CLANG_WARN_BOOL_CONVERSION = YES;
				CLANG_WARN_CONSTANT_CONVERSION = YES;
				CLANG_WARN_DIRECT_OBJC_ISA_USAGE = YES_ERROR;
				CLANG_WARN_EMPTY_BODY = YES;
				CLANG_WARN_ENUM_CONVERSION = YES;
				CLANG_WARN_INT_CONVERSION = YES;
				CLANG_WARN_OBJC_ROOT_CLASS = YES_ERROR;
				CLANG_WARN__DUPLICATE_METHOD_MATCH = YES;
				"CODE_SIGN_IDENTITY[sdk=iphoneos*]" = "iPhone Developer";
				COPY_PHASE_STRIP = NO;
				GCC_C_LANGUAGE_STANDARD = gnu99;
				GCC_DYNAMIC_NO_PIC = NO;
				GCC_OPTIMIZATION_LEVEL = 0;
				GCC_PREPROCESSOR_DEFINITIONS = (
					"DEBUG=1",
					"$(inherited)",
				);
				GCC_SYMBOLS_PRIVATE_EXTERN = NO;
				GCC_WARN_64_TO_32_BIT_CONVERSION = YES;
				GCC_WARN_ABOUT_RETURN_TYPE = YES_ERROR;
				GCC_WARN_UNDECLARED_SELECTOR = YES;
				GCC_WARN_UNINITIALIZED_AUTOS = YES_AGGRESSIVE;
				GCC_WARN_UNUSED_FUNCTION = YES;
				GCC_WARN_UNUSED_VARIABLE = YES;
				IPHONEOS_DEPLOYMENT_TARGET = 7.1;
				ONLY_ACTIVE_ARCH = YES;
				SDKROOT = iphoneos;
				TARGETED_DEVICE_FAMILY = "1,2";
			};
			name = Debug;
		};
		6582C595191D752A00CD6180 /* Release */ = {
			isa = XCBuildConfiguration;
			buildSettings = {
				ALWAYS_SEARCH_USER_PATHS = NO;
				CLANG_CXX_LANGUAGE_STANDARD = "gnu++0x";
				CLANG_CXX_LIBRARY = "libc++";
				CLANG_ENABLE_MODULES = YES;
				CLANG_ENABLE_OBJC_ARC = YES;
				CLANG_WARN_BOOL_CONVERSION = YES;
				CLANG_WARN_CONSTANT_CONVERSION = YES;
				CLANG_WARN_DIRECT_OBJC_ISA_USAGE = YES_ERROR;
				CLANG_WARN_EMPTY_BODY = YES;
				CLANG_WARN_ENUM_CONVERSION = YES;
				CLANG_WARN_INT_CONVERSION = YES;
				CLANG_WARN_OBJC_ROOT_CLASS = YES_ERROR;
				CLANG_WARN__DUPLICATE_METHOD_MATCH = YES;
				"CODE_SIGN_IDENTITY[sdk=iphoneos*]" = "iPhone Developer";
				COPY_PHASE_STRIP = YES;
				ENABLE_NS_ASSERTIONS = NO;
				GCC_C_LANGUAGE_STANDARD = gnu99;
				GCC_WARN_64_TO_32_BIT_CONVERSION = YES;
				GCC_WARN_ABOUT_RETURN_TYPE = YES_ERROR;
				GCC_WARN_UNDECLARED_SELECTOR = YES;
				GCC_WARN_UNINITIALIZED_AUTOS = YES_AGGRESSIVE;
				GCC_WARN_UNUSED_FUNCTION = YES;
				GCC_WARN_UNUSED_VARIABLE = YES;
				IPHONEOS_DEPLOYMENT_TARGET = 7.1;
				SDKROOT = iphoneos;
				TARGETED_DEVICE_FAMILY = "1,2";
				VALIDATE_PRODUCT = YES;
			};
			name = Release;
		};
		6582C597191D752A00CD6180 /* Debug */ = {
			isa = XCBuildConfiguration;
			buildSettings = {
				ASSETCATALOG_COMPILER_APPICON_NAME = AppIcon;
				ASSETCATALOG_COMPILER_LAUNCHIMAGE_NAME = LaunchImage;
				GCC_PRECOMPILE_PREFIX_HEADER = YES;
				GCC_PREFIX_HEADER = "Top Places/Top Regions-Prefix.pch";
				INFOPLIST_FILE = "Top Places/Top Regions-Info.plist";
				PRODUCT_NAME = "Top Regions";
				WRAPPER_EXTENSION = app;
			};
			name = Debug;
		};
		6582C598191D752A00CD6180 /* Release */ = {
			isa = XCBuildConfiguration;
			buildSettings = {
				ASSETCATALOG_COMPILER_APPICON_NAME = AppIcon;
				ASSETCATALOG_COMPILER_LAUNCHIMAGE_NAME = LaunchImage;
				GCC_PRECOMPILE_PREFIX_HEADER = YES;
				GCC_PREFIX_HEADER = "Top Places/Top Regions-Prefix.pch";
				INFOPLIST_FILE = "Top Places/Top Regions-Info.plist";
				PRODUCT_NAME = "Top Regions";
				WRAPPER_EXTENSION = app;
			};
			name = Release;
		};
		6582C59A191D752A00CD6180 /* Debug */ = {
			isa = XCBuildConfiguration;
			buildSettings = {
				BUNDLE_LOADER = "$(BUILT_PRODUCTS_DIR)/Top Places.app/Top Places";
				FRAMEWORK_SEARCH_PATHS = (
					"$(SDKROOT)/Developer/Library/Frameworks",
					"$(inherited)",
					"$(DEVELOPER_FRAMEWORKS_DIR)",
				);
				GCC_PRECOMPILE_PREFIX_HEADER = YES;
				GCC_PREFIX_HEADER = "Top Places/Top Places-Prefix.pch";
				GCC_PREPROCESSOR_DEFINITIONS = (
					"DEBUG=1",
					"$(inherited)",
				);
				INFOPLIST_FILE = "Top PlacesTests/Top RegionsTests-Info.plist";
				PRODUCT_NAME = "Top RegionsTests";
				TEST_HOST = "$(BUNDLE_LOADER)";
				WRAPPER_EXTENSION = xctest;
			};
			name = Debug;
		};
		6582C59B191D752A00CD6180 /* Release */ = {
			isa = XCBuildConfiguration;
			buildSettings = {
				BUNDLE_LOADER = "$(BUILT_PRODUCTS_DIR)/Top Places.app/Top Places";
				FRAMEWORK_SEARCH_PATHS = (
					"$(SDKROOT)/Developer/Library/Frameworks",
					"$(inherited)",
					"$(DEVELOPER_FRAMEWORKS_DIR)",
				);
				GCC_PRECOMPILE_PREFIX_HEADER = YES;
				GCC_PREFIX_HEADER = "Top Places/Top Places-Prefix.pch";
				INFOPLIST_FILE = "Top PlacesTests/Top RegionsTests-Info.plist";
				PRODUCT_NAME = "Top RegionsTests";
				TEST_HOST = "$(BUNDLE_LOADER)";
				WRAPPER_EXTENSION = xctest;
			};
			name = Release;
		};
/* End XCBuildConfiguration section */

/* Begin XCConfigurationList section */
		6582C55C191D752A00CD6180 /* Build configuration list for PBXProject "Top Regions" */ = {
			isa = XCConfigurationList;
			buildConfigurations = (
				6582C594191D752A00CD6180 /* Debug */,
				6582C595191D752A00CD6180 /* Release */,
			);
			defaultConfigurationIsVisible = 0;
			defaultConfigurationName = Release;
		};
		6582C596191D752A00CD6180 /* Build configuration list for PBXNativeTarget "Top Regions" */ = {
			isa = XCConfigurationList;
			buildConfigurations = (
				6582C597191D752A00CD6180 /* Debug */,
				6582C598191D752A00CD6180 /* Release */,
			);
			defaultConfigurationIsVisible = 0;
			defaultConfigurationName = Release;
		};
		6582C599191D752A00CD6180 /* Build configuration list for PBXNativeTarget "Top RegionsTests" */ = {
			isa = XCConfigurationList;
			buildConfigurations = (
				6582C59A191D752A00CD6180 /* Debug */,
				6582C59B191D752A00CD6180 /* Release */,
			);
			defaultConfigurationIsVisible = 0;
			defaultConfigurationName = Release;
		};
/* End XCConfigurationList section */

/* Begin XCVersionGroup section */
		656EBE141923C52D002D29CD /* Model.xcdatamodeld */ = {
			isa = XCVersionGroup;
			children = (
				656EBE151923C52D002D29CD /* Model.xcdatamodel */,
			);
			currentVersion = 656EBE151923C52D002D29CD /* Model.xcdatamodel */;
			path = Model.xcdatamodeld;
			sourceTree = "<group>";
			versionGroupType = wrapper.xcdatamodel;
		};
/* End XCVersionGroup section */
	};
	rootObject = 6582C559191D752A00CD6180 /* Project object */;
}
